cloud.google.com/go v0.123.0 h1:2NAUJwPR47q+E35uaJeYoNhuNEM9kM8SjgRgdeOJUSE=
cloud.google.com/go/auth v0.20.0 h1:kXTssoVb4azsVDoUiF8KvxAqrsQcQtB53DcSgta74CA=
cloud.google.com/go/auth v0.20.0/go.mod h1:942/yi/itH1SsmpyrbnTMDgGfdy2BUqIKyd0cyYLc5Q=
cloud.google.com/go/auth/oauth2adapt v0.2.8 h1:keo8NaayQZ6wimpNSmW5OPc283g65QNIiLpZnkHRbnc=
cloud.google.com/go/auth/oauth2adapt v0.2.8/go.mod h1:XQ9y31RkqZCcwJWNSx2Xvric3RrU88hAYYbjDWYDL+c=
cloud.google.com/go/compute/metadata v0.9.0 h1:pDUj4QMoPejqq20dK0Pg2N4yG9zIkYGdBtwLoEkH9Zs=
cloud.google.com/go/compute/metadata v0.9.0/go.mod h1:E0bWwX5wTnLPedCKqk3pJmVgCBSM6qQI1yTBdEb3C10=
cloud.google.com/go/logging v1.18.0 h1:KhzZq+1cSkPH9YUaKLLhLtQxIHitVayBmk0sGfoM9+k=
cloud.google.com/go/logging v1.18.0/go.mod h1:ZGKnpBaURITh+g/uom2VhbiFoFWvejcrHPDhxFtU/gI=
cloud.google.com/go/longrunning v1.0.0 h1:lwzWEYD8+NkYV7dhexOz6kmlvajZA70+bW/xMhRVVdY=
cloud.google.com/go/longrunning v1.0.0/go.mod h1:8nqFBPOO1U/XkhWl0I19AMZEphrHi73VNABIpKYaTwM=
cloud.google.com/go/monitoring v1.29.0 h1:AHhDsFaSax1/4k+qlIDX/SDGe6hggnfXJ9dkgD9qBPY=
cloud.google.com/go/monitoring v1.29.0/go.mod h1:72NOVjJXHY/HBfoLT0+qlCZBT059+9VXLeAnL2PeeVM=
cloud.google.com/go/trace v1.16.0 h1:GmQovzFc5F0CNfl0VLgL64aoTtu7xsM0YajW2GlG9+E=
cloud.google.com/go/trace v1.16.0/go.mod h1:r+bdAn16dKLSV1G2D5v3e58IlQlizfxWrUfjx7kM7X0=
connectrpc.com/connect v1.20.0 h1:6TNDAB+WeNd2uolWNlYczB5E0KNNaVMNUEx8JEUsPmQ=
connectrpc.com/connect v1.20.0/go.mod h1:A2ygJrukXwWy32vkCAAHNVguZrqZ+jeZ9rGRnGR4dN4=
connectrpc.com/grpchealth v1.5.0 h1:nHEVTwz9WYKxW2JTYUFD337q76oAZMvot9jX0WjVCQo=
connectrpc.com/grpchealth v1.5.0/go.mod h1:fC9WGwKmDruKCNh8wj2rThiaxxoiXxvsCVIu2Ex2voA=
connectrpc.com/otelconnect v0.9.0 h1:NggB3pzRC3pukQWaYbRHJulxuXvmCKCKkQ9hbrHAWoA=
connectrpc.com/otelconnect v0.9.0/go.mod h1:AEkVLjCPXra+ObGFCOClcJkNjS7zPaQSqvO0lCyjfZc=
github.com/GoogleCloudPlatform/opentelemetry-operations-go/exporter/metric v0.60.0 h1:HldzheTs05E3ybqSitI/wHaof6+XERRudgZLjYbs3eE=
github.com/GoogleCloudPlatform/opentelemetry-operations-go/exporter/metric v0.60.0/go.mod h1:evkqaSczW9g2BQm1veCtgNhJ4wCCsRrOsSgNIn9LHQk=
github.com/GoogleCloudPlatform/opentelemetry-operations-go/exporter/trace v1.36.0 h1:gBlHWOs3hqcN7cqRbyrvI6q1QwSZHyp76FajMUzgdpQ=
github.com/GoogleCloudPlatform/opentelemetry-operations-go/exporter/trace v1.36.0/go.mod h1:LmYRYS/wzrxoHi0OKmwhCujGpXFmab6c9xCyP58Hh9U=
github.com/GoogleCloudPlatform/opentelemetry-operations-go/internal/cloudmock v0.60.0 h1:Fx8NtDCmKH4ML2hUkPz4Dq250903vRDojMjVCDKwQuc=
github.com/GoogleCloudPlatform/opentelemetry-operations-go/internal/cloudmock v0.60.0/go.mod h1:V9g30lTKzfUsEW+gpWssck6u9IhARajmipodImLLcwI=
github.com/GoogleCloudPlatform/opentelemetry-operations-go/internal/resourcemapping v0.60.0 h1:Oblia1QXBJlM/wOY9ARRUtsXdDYiMCzk3eCMikqoLbI=
github.com/GoogleCloudPlatform/opentelemetry-operations-go/internal/resourcemapping v0.60.0/go.mod h1:SRAbhyZ4R4FagHMM9VtRgSY/lheRoht2fKelZXQUenk=
github.com/XSAM/otelsql v0.43.0 h1:ZIhXqRoMhILXQwBQoq/Dl6Taap/KEFQXZrWjYV1L8X8=
github.com/XSAM/otelsql v0.43.0/go.mod h1:DJBGBvbtwf1OCBYRTjpRFxOqi6ONpdfb+htr4ncRWuw=
github.com/aws/aws-sdk-go-v2 v1.43.8 h1:fpnrxwuwsoGIgjvgLeDU3y9w7YaHBxyF6AF3vQL8duw=
github.com/aws/aws-sdk-go-v2 v1.43.8/go.mod h1:j7gYSq8dL95QejkFXxvQNESH4I9WGHFI6iO+vhqEi5Q=
github.com/aws/aws-sdk-go-v2/aws/protocol/eventstream v1.7.19 h1:56S0VBF43Kvy2YiWkZe65Uj5rpvW1LLnHBUBg8jlxuQ=
github.com/aws/aws-sdk-go-v2/aws/protocol/eventstream v1.7.19/go.mod h1:n1TtGWnXCj/kl11tMcNN2aeS95u01phKYgE39N5HHfM=
github.com/aws/aws-sdk-go-v2/config v1.32.37 h1:Ljl7LOJB6ym0liuEl0+TZ3d7f5I8MEZN1Cj9PINlj/g=
github.com/aws/aws-sdk-go-v2/config v1.32.37/go.mod h1:WJ7pe7ZPpmG8Q5kKS53zeypIV4FBGACxmte8Uc6SgUc=
github.com/aws/aws-sdk-go-v2/credentials v1.19.36 h1:84s5xMme6ENYEdKG8rsbSFFg/8+lbHBeM9QYSO0gnDk=
github.com/aws/aws-sdk-go-v2/credentials v1.19.36/go.mod h1:c46BLdagDLIswjgt+GeQOslXgeS0E6wCacs5yZbxPGk=
github.com/aws/aws-sdk-go-v2/feature/ec2/imds v1.18.37 h1:b5tb+CZItBkydC7r3hTNdSO3pszG1R2EtnA+7TePQPk=
github.com/aws/aws-sdk-go-v2/feature/ec2/imds v1.18.37/go.mod h1:ZQ+6SU9X0oz6+7MUCSswv9Mjci4eaqZr21HI2RVy/yA=
github.com/aws/aws-sdk-go-v2/internal/configsources v1.4.39 h1:YrEI22hVQcqMpq934ZoPQyJjGNzX4CGdrSDCjBD59sI=
github.com/aws/aws-sdk-go-v2/internal/configsources v1.4.39/go.mod h1:N8qOX83LkaCeizvrfiNjwkBOXkxHt6a74CiZn8qz9F8=
github.com/aws/aws-sdk-go-v2/internal/endpoints/v2 v2.7.39 h1:Vo7UZzBjB6zS6feEOuBlpEgaj8iBTdiNlye+7w9ooGo=
github.com/aws/aws-sdk-go-v2/internal/endpoints/v2 v2.7.39/go.mod h1:JgxtAO/77e95Rs9WMWUzz99hT182gqdAh7/DHuEMA/k=
github.com/aws/aws-sdk-go-v2/internal/v4a v1.4.40 h1:oofDq8Y5M82fmDrxb8gsbP0LS73MqZ388qKVgs5ETYI=
github.com/aws/aws-sdk-go-v2/internal/v4a v1.4.40/go.mod h1:LSfLmbvx50+T+/DoUZRqB1qS38v7lvNUebqIpidAWYM=
github.com/aws/aws-sdk-go-v2/service/dynamodb v1.63.5 h1:wwep1P9i7Y/a4XoQ7a56z08qz5nKMpVkNEu+PP2jqB0=
github.com/aws/aws-sdk-go-v2/service/dynamodb v1.63.5/go.mod h1:Rbn2ajdtNJUAyT6usnf8H2Ce2gJRXUn59VunT7WHUv4=
github.com/aws/aws-sdk-go-v2/service/internal/accept-encoding v1.13.18 h1:+fiwOxNdE8bOK3SoVTln8hwP+OCyArbi2/InIr/A9AU=
github.com/aws/aws-sdk-go-v2/service/internal/accept-encoding v1.13.18/go.mod h1:aua4m7EZSvQra/96b8zJxWHwtHxuXQ8bx4DiM92V044=
github.com/aws/aws-sdk-go-v2/service/internal/checksum v1.9.32 h1:GDKKLoFujnrZkWJAbfgDvX2cb0TP73JeQQc9fVK4BfE=
github.com/aws/aws-sdk-go-v2/service/internal/checksum v1.9.32/go.mod h1:wQJ9fj9RPoeHImfpG4NwPInNpwamTI539nK8bFMX+ew=
github.com/aws/aws-sdk-go-v2/service/internal/endpoint-discovery v1.12.16 h1:+gyp0vJ16wa66r9sWLkMwDyIa9InZCE0m0kF/yNap8M=
github.com/aws/aws-sdk-go-v2/service/internal/endpoint-discovery v1.12.16/go.mod h1:55cSb9T0HNlS12RPOuRZqVmFpo3wbhFoc21Fgpf430k=
github.com/aws/aws-sdk-go-v2/service/internal/presigned-url v1.13.39 h1:inoUrqz4Lfpw1XwpUvQnBiAJ2tUzn3opZ0gduNLxo+8=
github.com/aws/aws-sdk-go-v2/service/internal/presigned-url v1.13.39/go.mod h1:Yx+RrmAF+XGZTccwhQ3o4K5V8qkZBsTAcq148Y8g57k=
github.com/aws/aws-sdk-go-v2/service/internal/s3shared v1.19.40 h1:omoUTxUzc1jb9yMa+7Y86R+/8MzsdjrR/juI60b4RLc=
github.com/aws/aws-sdk-go-v2/service/internal/s3shared v1.19.40/go.mod h1:ZP7gNAEnLFigr5CEX5tdU7xWbj52noH2m8IAeIhFgCY=
github.com/aws/aws-sdk-go-v2/service/route53 v1.65.10 h1:8DaAa7LNudNOcUOjVGe9pEqYs1ASbryLS2bvrrPOXrA=
github.com/aws/aws-sdk-go-v2/service/route53 v1.65.10/go.mod h1:6amAo95XiktlgMb0blErtqRNw2+Lhz2pJsE1tNDQgUU=
github.com/aws/aws-sdk-go-v2/service/s3 v1.107.4 h1:R1hIw5Z7OqINqgYo5LykHQo2BWbcflFzGaonJgNkbao=
github.com/aws/aws-sdk-go-v2/service/s3 v1.107.4/go.mod h1:oinlf/VTl4hAUctSvIaOPKOZbckTIaWzYj96MRbPKb4=
github.com/aws/aws-sdk-go-v2/service/signin v1.5.6 h1:i68sFvXidKlkiSvI7d7Ilc1/UvW4CtBOaivH7jhG4fs=
github.com/aws/aws-sdk-go-v2/service/signin v1.5.6/go.mod h1:/h7Obr9WTtzbjTHGASRQwLN7Bupw+TC3x8x7fyx39hE=
github.com/aws/aws-sdk-go-v2/service/sns v1.42.8 h1:mD0Wp/ZWkyEhmZPJ3Egp2dZSNoxuWI3L0SIRtbm8rRM=
github.com/aws/aws-sdk-go-v2/service/sns v1.42.8/go.mod h1:R3ZSE4j64E01oumrJZ9kbTn5v6hqlmxSbfmcM1n1MrI=
github.com/aws/aws-sdk-go-v2/service/sqs v1.46.8 h1:Ov9kTwxRwTQxcVmbHyGUkEG5NpqI3CY+35RKZtX+m14=
github.com/aws/aws-sdk-go-v2/service/sqs v1.46.8/go.mod h1:Tum6/fLTvRpqnMz5SledUgyEAMUp0Ah8jWlS8FOj6H4=
github.com/aws/aws-sdk-go-v2/service/sso v1.33.6 h1:tpfGChmjUmv3W9WlRvy+stwKDTbFFdq8Zk9DbFPrfMU=
github.com/aws/aws-sdk-go-v2/service/sso v1.33.6/go.mod h1:CSjiDzmG/lsKkTOYjbkM+duLmRlW+LOxD64Na44ijnI=
github.com/aws/aws-sdk-go-v2/service/ssooidc v1.38.6 h1:49BBtY68A+KJCQ3a2F3eUe6ROsKucxUdfHKoqorc0wI=
github.com/aws/aws-sdk-go-v2/service/ssooidc v1.38.6/go.mod h1:ptG2hbs7QltE1GcQY0MpS4bfrc51KCnBXUr7OT1EEfE=
github.com/aws/aws-sdk-go-v2/service/sts v1.45.6 h1:JvExZWabChDM0qJAirQYGfOYo0ndT3edXj+fqSPNjkE=
github.com/aws/aws-sdk-go-v2/service/sts v1.45.6/go.mod h1:XZcaQkV2cItp6yEkrwljyaPOf22RuX7T43jxap/FOmM=
github.com/aws/smithy-go v1.28.0 h1:hwfPnN99NWCkjNmfzTixXFopyjBLUe9KTdRcRGxwZd4=
github.com/aws/smithy-go v1.28.0/go.mod h1:YE2RhdIuDbA5E5bTdciG9KrW3+TiEONeUWCqxX9i1Fc=
github.com/cespare/xxhash/v2 v2.3.0 h1:UL815xU9SqsFlibzuggzjXhog7bL6oX9BbNZnL2UFvs=
github.com/cespare/xxhash/v2 v2.3.0/go.mod h1:VGX0DQ3Q6kWi7AoAeZDth3/j3BFtOZR5XLFGgcrjCOs=
github.com/cncf/xds/go v0.0.0-20260202195803-dba9d589def2 h1:aBangftG7EVZoUb69Os8IaYg++6uMOdKK83QtkkvJik=
github.com/cncf/xds/go v0.0.0-20260202195803-dba9d589def2/go.mod h1:qwXFYgsP6T7XnJtbKlf1HP8AjxZZyzxMmc+Lq5GjlU4=
github.com/davecgh/go-spew v1.1.0/go.mod h1:J7Y8YcW2NihsgmVo/mv3lAwl/skON4iLHjSsI+c5H38=
github.com/envoyproxy/go-control-plane v0.14.0 h1:hbG2kr4RuFj222B6+7T83thSPqLjwBIfQawTkC++2HA=
github.com/envoyproxy/go-control-plane/envoy v1.37.0 h1:u3riX6BoYRfF4Dr7dwSOroNfdSbEPe9Yyl09/B6wBrQ=
github.com/envoyproxy/go-control-plane/envoy v1.37.0/go.mod h1:DReE9MMrmecPy+YvQOAOHNYMALuowAnbjjEMkkWOi6A=
github.com/envoyproxy/protoc-gen-validate v1.3.3 h1:MVQghNeW+LZcmXe7SY1V36Z+WFMDjpqGAGacLe2T0ds=
github.com/envoyproxy/protoc-gen-validate v1.3.3/go.mod h1:TsndJ/ngyIdQRhMcVVGDDHINPLWB7C82oDArY51KfB0=
github.com/felixge/httpsnoop v1.0.4 h1:NFTV2Zj1bL4mc9sqWACXbQFVBBg2W3GPvqp8/ESS2Wg=
github.com/felixge/httpsnoop v1.0.4/go.mod h1:m8KPJKqk1gH5J9DgRY2ASl2lWCfGKXixSwevea8zH2U=
github.com/go-logr/logr v1.2.2/go.mod h1:jdQByPbusPIv2/zmleS9BjJVeZ6kBagPoEUsqbVz/1A=
github.com/go-logr/logr v1.4.4 h1:tG4xh9yMsRCAiodLVTxyrkzSZ9+o0L1Kg/+cPVcbP/8=
github.com/go-logr/logr v1.4.4/go.mod h1:9T104GzyrTigFIr8wt5mBrctHMim0Nb2HLGrmQ40KvY=
github.com/go-logr/stdr v1.2.2 h1:hSWxHoqTgW2S2qGc0LTAI563KZ5YKYRhT3MFKZMbjag=
github.com/go-logr/stdr v1.2.2/go.mod h1:mMo/vtBO5dYbehREoey6XUKy/eSumjCCveDpRre4VKE=
github.com/golang/protobuf v1.5.4 h1:i7eJL8qZTpSEXOPTxNKhASYpMn+8e5Q6AdndVa1dWek=
github.com/golang/protobuf v1.5.4/go.mod h1:lnTiLA8Wa4RWRcIUkrtSVa5nRhsEGBg48fD6rSs7xps=
github.com/google/go-cmp v0.7.0 h1:wk8382ETsv4JYUZwIsn6YpYiWiBsYLSJiTsyBybVuN8=
github.com/google/go-cmp v0.7.0/go.mod h1:pXiqmnSA92OHEEa9HXL2W4E7lf9JzCmGVUdgjX3N/iU=
github.com/google/s2a-go v0.1.9 h1:LGD7gtMgezd8a/Xak7mEWL0PjoTQFvpRudN895yqKW0=
github.com/google/s2a-go v0.1.9/go.mod h1:YA0Ei2ZQL3acow2O62kdp9UlnvMmU7kA6Eutn0dXayM=
github.com/google/uuid v1.6.0 h1:NIvaJDMOsjHA8n1jAhLSgzrAzy1Hgr+hNrb57e+94F0=
github.com/google/uuid v1.6.0/go.mod h1:TIyPZe4MgqvfeYDBFedMoGGpEw/LqOeaOT+nhxU+yHo=
github.com/googleapis/enterprise-certificate-proxy v0.3.15 h1:xolVQTEXusUcAA5UgtyRLjelpFFHWlPQ4XfWGc7MBas=
github.com/googleapis/enterprise-certificate-proxy v0.3.15/go.mod h1:vqVt9yG9480NtzREnTlmGSBmFrA+bzb0yl0TxoBQXOg=
github.com/googleapis/gax-go/v2 v2.22.0 h1:PjIWBpgGIVKGoCXuiCoP64altEJCj3/Ei+kSU5vlZD4=
github.com/googleapis/gax-go/v2 v2.22.0/go.mod h1:irWBbALSr0Sk3qlqb9SyJ1h68WjgeFuiOzI4Rqw5+aY=
github.com/jackc/pgpassfile v1.0.0 h1:/6Hmqy13Ss2zCq62VdNG8tM1wchn8zjSGOBJ6icpsIM=
github.com/jackc/pgpassfile v1.0.0/go.mod h1:CEx0iS5ambNFdcRtxPj5JhEz+xB6uRky5eyVu/W2HEg=
github.com/jackc/pgservicefile v0.0.0-20240606120523-5a60cdf6a761 h1:iCEnooe7UlwOQYpKFhBabPMi4aNAfoODPEFNiAnClxo=
github.com/jackc/pgservicefile v0.0.0-20240606120523-5a60cdf6a761/go.mod h1:5TJZWKEWniPve33vlWYSoGYefn3gLQRzjfDlhSJ9ZKM=
github.com/jackc/pgx/v5 v5.10.0 h1:VhSvgU2jSli8o3AqIEOTJr7rZwAEUVo4E4XhR94Zfr0=
github.com/jackc/pgx/v5 v5.10.0/go.mod h1:mal1tBGAFfLHvZzaYh77YS/eC6IX9OWbRV1QIIM0Jn4=
github.com/jackc/puddle/v2 v2.2.2 h1:PR8nw+E/1w0GLuRFSmiioY6UooMp6KJv0/61nB7icHo=
github.com/jackc/puddle/v2 v2.2.2/go.mod h1:vriiEXHvEE654aYKXXjOvZM39qJ0q+azkZFrfEOc3H4=
github.com/joho/godotenv v1.5.1 h1:7eLL/+HRGLY0ldzfGMeQkb7vMd0as4CfYvUVzLqw0N0=
github.com/joho/godotenv v1.5.1/go.mod h1:f4LDr5Voq0i2e/R5DDNOoa2zzDfwtkZa6DnEwAbqwq4=
github.com/planetscale/vtprotobuf v0.6.1-0.20240319094008-0393e58bdf10 h1:GFCKgmp0tecUJ0sJuv4pzYCqS9+RGSn52M3FUwPs+uo=
github.com/planetscale/vtprotobuf v0.6.1-0.20240319094008-0393e58bdf10/go.mod h1:t/avpk3KcrXxUnYOhZhMXJlSEyie6gQbtLq5NM3loB8=
github.com/pmezard/go-difflib v1.0.0/go.mod h1:iKH77koFhYxTK1pcRnkKkqfTogsbg7gZNVY4sRDYZ/4=
github.com/stretchr/objx v0.1.0/go.mod h1:HFkY916IF+rwdDfMAkV7OtwuqBVzrE8GR6GFx+wExME=
github.com/stretchr/testify v1.3.0/go.mod h1:M5WIy9Dh21IEIfnGCwXGc5bZfKNJtfHm1UVUgZn+9EI=
github.com/stretchr/testify v1.7.0/go.mod h1:6Fq8oRcR53rry900zMqJjRRixrwX3KX962/h/Wwjteg=
github.com/stretchr/testify v1.12.1 h1:EuwCh5fleGS7H32xRwO3wRGT7DxrDhLAT6FF8MpWDWE=
github.com/stretchr/testify v1.12.1/go.mod h1:MDEgiDPPsNp5cuIrHPPCyornHKgEVbtFUmoNlxoYthg=
go.opentelemetry.io/auto/sdk v1.2.1 h1:jXsnJ4Lmnqd11kwkBV2LgLoFMZKizbCi5fNZ/ipaZ64=
go.opentelemetry.io/auto/sdk v1.2.1/go.mod h1:KRTj+aOaElaLi+wW1kO/DZRXwkF4C5xPbEe3ZiIhN7Y=
go.opentelemetry.io/contrib/instrumentation/github.com/aws/aws-sdk-go-v2/otelaws v0.71.0 h1:ZiBz2gzZi+NwBk5T5X0Myv9lJl44Pwfn6pTGrml/1fU=
go.opentelemetry.io/contrib/instrumentation/github.com/aws/aws-sdk-go-v2/otelaws v0.71.0/go.mod h1:aooSSF40vZQZ+AVWv95T2eVU5ZZWiPgqrTtBgaOWxgg=
go.opentelemetry.io/contrib/instrumentation/google.golang.org/grpc/otelgrpc v0.69.0 h1:2yEATaop1/a1I4psnSLgWVPLWwCzkqWakgJy7xTDVy0=
go.opentelemetry.io/contrib/instrumentation/google.golang.org/grpc/otelgrpc v0.69.0/go.mod h1:D7J12YRapIekYyPWgGPlA/23pRmpSEZC5xJC/TTLI9U=
go.opentelemetry.io/contrib/instrumentation/net/http/otelhttp v0.69.0 h1:8tvICD4vSTOOsNrsI4Ljf6C+6UKvpTEH5XY3JMoyPoo=
go.opentelemetry.io/contrib/instrumentation/net/http/otelhttp v0.69.0/go.mod h1:z9+yiacE0IHRqM4qFfkbt/JYlmYXgss8GY/jXoNuPJI=
go.opentelemetry.io/otel v1.46.0 h1:FHt5/CDyVxi/8IM1CH7VE/rRgq3kLHa2mSTVMO8AWyc=
go.opentelemetry.io/otel v1.46.0/go.mod h1:Gj3SEScelsNC45tp4nSxRYlS+f5iez7W8XPMCt905kE=
go.opentelemetry.io/otel/metric v1.46.0 h1:yBnkXvgV7AXFILZc5K6IZe/CBFF3OS7BJ8ov6/lj0K8=
go.opentelemetry.io/otel/metric v1.46.0/go.mod h1:iPmdWqifKUdzziPkvvzIJXITl56fQx2mGM/DHLB3/2o=
go.opentelemetry.io/otel/metric/x v0.68.0 h1:TA/cBT23D3MnxYPwHL7YFOdYGdx0A0v+s7Mzotpd1dU=
go.opentelemetry.io/otel/metric/x v0.68.0/go.mod h1:agudOmvWhwUTjgibWDzxD2PoWYnpw5Ht5jISYOD2Hd4=
go.opentelemetry.io/otel/sdk v1.46.0 h1:h5CNQQjEbuQXY/JfZtgt3i7HVFV3aHPO2OAwO2eTYPI=
go.opentelemetry.io/otel/sdk v1.46.0/go.mod h1:GAERFXFt5SYCEB+YiKUbMBeza6UaDH7GmGOZEfh2gSM=
go.opentelemetry.io/otel/sdk/metric v1.46.0 h1:0piZ26EG4RBfebb2jhDH6ERCYHoVWduc3kLgPCwSnSE=
go.opentelemetry.io/otel/sdk/metric v1.46.0/go.mod h1:I1PbKrdVc8Qu8HYVDNtqVIwLwjNrhsV/uFuxfwg8mO4=
go.opentelemetry.io/otel/trace v1.46.0 h1:OULy7ccdJnZtJ0UDYFOIGaCmiWzJ8Vi2G/Rsu60qs1c=
go.opentelemetry.io/otel/trace v1.46.0/go.mod h1:J7GAXweO77XSFkB/rmAqk9D6ihszhFjLU+d9WuUxDLI=
go.uber.org/goleak v1.3.0 h1:2K3zAYmnTNqV73imy9J1T3WC+gmCePx2hEGkimedGto=
go.uber.org/goleak v1.3.0/go.mod h1:CoHD4mav9JJNrW/WLlf7HGZPjdw8EucARQHekz1X6bE=
go.yaml.in/yaml/v3 v3.0.5 h1:N6y/pJk8buWs9NY5ERU2HSMfm+IuD/OtfdAnq6kESPw=
go.yaml.in/yaml/v3 v3.0.5/go.mod h1:HVTZu1O7/Vkt2N+BFy8Zza+lnLsABggaTM2ZpNIGuKg=
golang.org/x/crypto v0.54.0 h1:YLIA59K4fiNzHzjnZt2tUJQjQtUWfWbeHBqKtk3eScw=
golang.org/x/crypto v0.54.0/go.mod h1:KWL8ny2AZdGR2cWmzeHrp2azQPGogOv+HeQaVEXC2dk=
golang.org/x/net v0.56.0 h1:Rw8j/hFzGvJUZwNBXnAtf5sVDVt+65SK2C7IxCxZt5o=
golang.org/x/net v0.56.0/go.mod h1:D3Ku6r+V6JROoZK144D2XfMHFcMq/0zSfLelVTCFKec=
golang.org/x/oauth2 v0.36.0 h1:peZ/1z27fi9hUOFCAZaHyrpWG5lwe0RJEEEeH0ThlIs=
golang.org/x/oauth2 v0.36.0/go.mod h1:YDBUJMTkDnJS+A4BP4eZBjCqtokkg1hODuPjwiGPO7Q=
golang.org/x/sync v0.22.0 h1:SZjpbeLmrCk4xhRSZFNZW5gFUeCeFgjekvI/+gfScek=
golang.org/x/sync v0.22.0/go.mod h1:9xrNwdLfx4jkKbNva9FpL6vEN7evnE43NNNJQ2LF3+0=
golang.org/x/sys v0.47.0 h1:o7XGOvZQCADBQQ4Y7VNq2dRWQR7JmOUW8Kxx4ZsNgWs=
golang.org/x/sys v0.47.0/go.mod h1:4GL1E5IUh+htKOUEOaiffhrAeqysfVGipDYzABqnCmw=
golang.org/x/text v0.40.0 h1:Ub2Z6/xjgF1WrYQz2nuITOEegKFtiIy+rieRJ5lHZKs=
golang.org/x/text v0.40.0/go.mod h1:hpnzDAfGV753zIKo+wk3u1bVKCGPbrnF7+7LBF/UHVY=
golang.org/x/time v0.15.0 h1:bbrp8t3bGUeFOx08pvsMYRTCVSMk89u4tKbNOZbp88U=
golang.org/x/time v0.15.0/go.mod h1:Y4YMaQmXwGQZoFaVFk4YpCt4FLQMYKZe9oeV/f4MSno=
gonum.org/v1/gonum v0.17.0 h1:VbpOemQlsSMrYmn7T2OUvQ4dqxQXU+ouZFQsZOx50z4=
gonum.org/v1/gonum v0.17.0/go.mod h1:El3tOrEuMpv2UdMrbNlKEh9vd86bmQ6vqIcDwxEOc1E=
google.golang.org/api v0.280.0 h1:F4OfEHZhZh6a7uTufJAXXVd/2TQ8EjM4vZH+jX/vFYk=
google.golang.org/api v0.280.0/go.mod h1:oGKmPZRDoD3vdkf6MA7F4VNkR1rxCiuaPSkhsf3EolU=
google.golang.org/genproto v0.0.0-20260519071638-aa98bba5eb94 h1:YJjbgu+dkp5kUJLfpMyCLfBIWZb/FcJyuLeo1gVBOuo=
google.golang.org/genproto v0.0.0-20260519071638-aa98bba5eb94/go.mod h1:RRHjglSYABVCWpQ7USCpdfhcd9t4PkajvVwyynZizTc=
google.golang.org/genproto/googleapis/api v0.0.0-20260526163538-3dc84a4a5aaa h1:Kjn0N0tCrDgiAFW+lGO4JZ3ck44CehvJQMAwj9QF0G8=
google.golang.org/genproto/googleapis/api v0.0.0-20260526163538-3dc84a4a5aaa/go.mod h1:q4lMZS6kskjT5HvCPrnnypcDPVJqT/f4nfxmkE7gryY=
google.golang.org/genproto/googleapis/rpc v0.0.0-20260526163538-3dc84a4a5aaa h1:mZHHdPZl0dbGHCflZgAq/Q468DWVFcU2whhB2KAo8fk=
google.golang.org/genproto/googleapis/rpc v0.0.0-20260526163538-3dc84a4a5aaa/go.mod h1:4Hqkh8ycfw05ld/3BWL7rJOSfebL2Q+DVDeRgYgxUU8=
google.golang.org/grpc v1.83.0 h1:JeNZEKJFbQxArAMl+hiytHauacDNqJUllNfmIMmpqnQ=
google.golang.org/grpc v1.83.0/go.mod h1:kDyl6SKsiHKt0uylY5gtn5cEjkrIOhQOGDgIc4JGwzQ=
google.golang.org/protobuf v1.36.12 h1:pJOKDDOyeXErUroCihFAd5LQuwXBSpVnKGrj5o/fwxc=
google.golang.org/protobuf v1.36.12/go.mod h1:HTf+CrKn2C3g5S8VImy6tdcUvCska2kB7j23XfzDpco=
gopkg.in/check.v1 v0.0.0-20161208181325-20d25e280405/go.mod h1:Co6ibVJAznAaIkqp8huTwlJQCZ016jof/cbN4VW5Yz0=
gopkg.in/yaml.v3 v3.0.0-20200313102051-9f266ea9e77c/go.mod h1:K4uyk7z7BCEPqu6E+C64Yfv1cQ7kz7rIZviUmN+EgEM=
